// !$*UTF8*$!
{
	archiveVersion = 1;
	classes = {
	};
	objectVersion = 46;
	objects = {

/* Begin PBXBuildFile section */
		0C39F5521CA43EF900395A96 /* main.m in Sources */ = {isa = PBXBuildFile; fileRef = 0C39F5511CA43EF900395A96 /* main.m */; };
		0C39F5551CA43EF900395A96 /* AppDelegate.m in Sources */ = {isa = PBXBuildFile; fileRef = 0C39F5541CA43EF900395A96 /* AppDelegate.m */; };
		0C39F5581CA43EF900395A96 /* ViewController.m in Sources */ = {isa = PBXBuildFile; fileRef = 0C39F5571CA43EF900395A96 /* ViewController.m */; };
		0C39F55B1CA43EF900395A96 /* Main.storyboard in Resources */ = {isa = PBXBuildFile; fileRef = 0C39F5591CA43EF900395A96 /* Main.storyboard */; };
		0C39F55D1CA43EF900395A96 /* Assets.xcassets in Resources */ = {isa = PBXBuildFile; fileRef = 0C39F55C1CA43EF900395A96 /* Assets.xcassets */; };
		0C39F5601CA43EF900395A96 /* LaunchScreen.storyboard in Resources */ = {isa = PBXBuildFile; fileRef = 0C39F55E1CA43EF900395A96 /* LaunchScreen.storyboard */; };
		0C39F56F1CA43F7100395A96 /* main.m in Sources */ = {isa = PBXBuildFile; fileRef = 0C39F56E1CA43F7100395A96 /* main.m */; };
		0C39F5721CA43F7100395A96 /* AppDelegate.m in Sources */ = {isa = PBXBuildFile; fileRef = 0C39F5711CA43F7100395A96 /* AppDelegate.m */; };
		0C39F5751CA43F7100395A96 /* ViewController.m in Sources */ = {isa = PBXBuildFile; fileRef = 0C39F5741CA43F7100395A96 /* ViewController.m */; };
		0C39F5781CA43F7100395A96 /* Main.storyboard in Resources */ = {isa = PBXBuildFile; fileRef = 0C39F5761CA43F7100395A96 /* Main.storyboard */; };
		0C39F57A1CA43F7100395A96 /* Assets.xcassets in Resources */ = {isa = PBXBuildFile; fileRef = 0C39F5791CA43F7100395A96 /* Assets.xcassets */; };
		0C39F57D1CA43F7100395A96 /* LaunchScreen.storyboard in Resources */ = {isa = PBXBuildFile; fileRef = 0C39F57B1CA43F7100395A96 /* LaunchScreen.storyboard */; };
		0C39F58A1CA443CE00395A96 /* main.m in Sources */ = {isa = PBXBuildFile; fileRef = 0C39F5891CA443CE00395A96 /* main.m */; };
		0C39F58D1CA443CE00395A96 /* AppDelegate.m in Sources */ = {isa = PBXBuildFile; fileRef = 0C39F58C1CA443CE00395A96 /* AppDelegate.m */; };
		0C39F5901CA443CE00395A96 /* ViewController.m in Sources */ = {isa = PBXBuildFile; fileRef = 0C39F58F1CA443CE00395A96 /* ViewController.m */; };
		0C39F5931CA443CE00395A96 /* Main.storyboard in Resources */ = {isa = PBXBuildFile; fileRef = 0C39F5911CA443CE00395A96 /* Main.storyboard */; };
		0C39F5951CA443CE00395A96 /* Assets.xcassets in Resources */ = {isa = PBXBuildFile; fileRef = 0C39F5941CA443CE00395A96 /* Assets.xcassets */; };
		0C39F5981CA443CE00395A96 /* LaunchScreen.storyboard in Resources */ = {isa = PBXBuildFile; fileRef = 0C39F5961CA443CE00395A96 /* LaunchScreen.storyboard */; };
		0C39F5A51CA58EB500395A96 /* main.m in Sources */ = {isa = PBXBuildFile; fileRef = 0C39F5A41CA58EB500395A96 /* main.m */; };
		0C39F5A81CA58EB500395A96 /* AppDelegate.m in Sources */ = {isa = PBXBuildFile; fileRef = 0C39F5A71CA58EB500395A96 /* AppDelegate.m */; };
		0C39F5AB1CA58EB500395A96 /* ViewController.m in Sources */ = {isa = PBXBuildFile; fileRef = 0C39F5AA1CA58EB500395A96 /* ViewController.m */; };
		0C39F5AE1CA58EB500395A96 /* Main.storyboard in Resources */ = {isa = PBXBuildFile; fileRef = 0C39F5AC1CA58EB500395A96 /* Main.storyboard */; };
		0C39F5B01CA58EB500395A96 /* Assets.xcassets in Resources */ = {isa = PBXBuildFile; fileRef = 0C39F5AF1CA58EB500395A96 /* Assets.xcassets */; };
		0C39F5B31CA58EB500395A96 /* LaunchScreen.storyboard in Resources */ = {isa = PBXBuildFile; fileRef = 0C39F5B11CA58EB500395A96 /* LaunchScreen.storyboard */; };
		0C39F5BA1CA58F8300395A96 /* Father.m in Sources */ = {isa = PBXBuildFile; fileRef = 0C39F5B91CA58F8300395A96 /* Father.m */; };
		0C39F5BD1CA58F8B00395A96 /* Son.m in Sources */ = {isa = PBXBuildFile; fileRef = 0C39F5BC1CA58F8B00395A96 /* Son.m */; };
/* End PBXBuildFile section */

/* Begin PBXFileReference section */
		0C39F54D1CA43EF900395A96 /* Objective-C_iOSInterviewQuestions.app */ = {isa = PBXFileReference; explicitFileType = wrapper.application; includeInIndex = 0; path = "Objective-C_iOSInterviewQuestions.app"; sourceTree = BUILT_PRODUCTS_DIR; };
		0C39F5511CA43EF900395A96 /* main.m */ = {isa = PBXFileReference; lastKnownFileType = sourcecode.c.objc; path = main.m; sourceTree = "<group>"; };
		0C39F5531CA43EF900395A96 /* AppDelegate.h */ = {isa = PBXFileReference; lastKnownFileType = sourcecode.c.h; path = AppDelegate.h; sourceTree = "<group>"; };
		0C39F5541CA43EF900395A96 /* AppDelegate.m */ = {isa = PBXFileReference; lastKnownFileType = sourcecode.c.objc; path = AppDelegate.m; sourceTree = "<group>"; };
		0C39F5561CA43EF900395A96 /* ViewController.h */ = {isa = PBXFileReference; lastKnownFileType = sourcecode.c.h; path = ViewController.h; sourceTree = "<group>"; };
		0C39F5571CA43EF900395A96 /* ViewController.m */ = {isa = PBXFileReference; lastKnownFileType = sourcecode.c.objc; path = ViewController.m; sourceTree = "<group>"; };
		0C39F55A1CA43EF900395A96 /* Base */ = {isa = PBXFileReference; lastKnownFileType = file.storyboard; name = Base; path = Base.lproj/Main.storyboard; sourceTree = "<group>"; };
		0C39F55C1CA43EF900395A96 /* Assets.xcassets */ = {isa = PBXFileReference; lastKnownFileType = folder.assetcatalog; path = Assets.xcassets; sourceTree = "<group>"; };
		0C39F55F1CA43EF900395A96 /* Base */ = {isa = PBXFileReference; lastKnownFileType = file.storyboard; name = Base; path = Base.lproj/LaunchScreen.storyboard; sourceTree = "<group>"; };
		0C39F5611CA43EF900395A96 /* Info.plist */ = {isa = PBXFileReference; lastKnownFileType = text.plist.xml; path = Info.plist; sourceTree = "<group>"; };
		0C39F56B1CA43F7100395A96 /* 04_CopyNSMutableArray.app */ = {isa = PBXFileReference; explicitFileType = wrapper.application; includeInIndex = 0; path = 04_CopyNSMutableArray.app; sourceTree = BUILT_PRODUCTS_DIR; };
		0C39F56E1CA43F7100395A96 /* main.m */ = {isa = PBXFileReference; lastKnownFileType = sourcecode.c.objc; path = main.m; sourceTree = "<group>"; };
		0C39F5701CA43F7100395A96 /* AppDelegate.h */ = {isa = PBXFileReference; lastKnownFileType = sourcecode.c.h; path = AppDelegate.h; sourceTree = "<group>"; };
		0C39F5711CA43F7100395A96 /* AppDelegate.m */ = {isa = PBXFileReference; lastKnownFileType = sourcecode.c.objc; path = AppDelegate.m; sourceTree = "<group>"; };
		0C39F5731CA43F7100395A96 /* ViewController.h */ = {isa = PBXFileReference; lastKnownFileType = sourcecode.c.h; path = ViewController.h; sourceTree = "<group>"; };
		0C39F5741CA43F7100395A96 /* ViewController.m */ = {isa = PBXFileReference; lastKnownFileType = sourcecode.c.objc; path = ViewController.m; sourceTree = "<group>"; };
		0C39F5771CA43F7100395A96 /* Base */ = {isa = PBXFileReference; lastKnownFileType = file.storyboard; name = Base; path = Base.lproj/Main.storyboard; sourceTree = "<group>"; };
		0C39F5791CA43F7100395A96 /* Assets.xcassets */ = {isa = PBXFileReference; lastKnownFileType = folder.assetcatalog; path = Assets.xcassets; sourceTree = "<group>"; };
		0C39F57C1CA43F7100395A96 /* Base */ = {isa = PBXFileReference; lastKnownFileType = file.storyboard; name = Base; path = Base.lproj/LaunchScreen.storyboard; sourceTree = "<group>"; };
		0C39F57E1CA43F7100395A96 /* Info.plist */ = {isa = PBXFileReference; lastKnownFileType = text.plist.xml; path = Info.plist; sourceTree = "<group>"; };
		0C39F5861CA443CE00395A96 /* 13_PropertyStrongArray.app */ = {isa = PBXFileReference; explicitFileType = wrapper.application; includeInIndex = 0; path = 13_PropertyStrongArray.app; sourceTree = BUILT_PRODUCTS_DIR; };
		0C39F5891CA443CE00395A96 /* main.m */ = {isa = PBXFileReference; lastKnownFileType = sourcecode.c.objc; path = main.m; sourceTree = "<group>"; };
		0C39F58B1CA443CE00395A96 /* AppDelegate.h */ = {isa = PBXFileReference; lastKnownFileType = sourcecode.c.h; path = AppDelegate.h; sourceTree = "<group>"; };
		0C39F58C1CA443CE00395A96 /* AppDelegate.m */ = {isa = PBXFileReference; lastKnownFileType = sourcecode.c.objc; path = AppDelegate.m; sourceTree = "<group>"; };
		0C39F58E1CA443CE00395A96 /* ViewController.h */ = {isa = PBXFileReference; lastKnownFileType = sourcecode.c.h; path = ViewController.h; sourceTree = "<group>"; };
		0C39F58F1CA443CE00395A96 /* ViewController.m */ = {isa = PBXFileReference; lastKnownFileType = sourcecode.c.objc; path = ViewController.m; sourceTree = "<group>"; };
		0C39F5921CA443CE00395A96 /* Base */ = {isa = PBXFileReference; lastKnownFileType = file.storyboard; name = Base; path = Base.lproj/Main.storyboard; sourceTree = "<group>"; };
		0C39F5941CA443CE00395A96 /* Assets.xcassets */ = {isa = PBXFileReference; lastKnownFileType = folder.assetcatalog; path = Assets.xcassets; sourceTree = "<group>"; };
		0C39F5971CA443CE00395A96 /* Base */ = {isa = PBXFileReference; lastKnownFileType = file.storyboard; name = Base; path = Base.lproj/LaunchScreen.storyboard; sourceTree = "<group>"; };
		0C39F5991CA443CE00395A96 /* Info.plist */ = {isa = PBXFileReference; lastKnownFileType = text.plist.xml; path = Info.plist; sourceTree = "<group>"; };
		0C39F5A11CA58EB500395A96 /* 25__objc_msgForward_demo.app */ = {isa = PBXFileReference; explicitFileType = wrapper.application; includeInIndex = 0; path = 25__objc_msgForward_demo.app; sourceTree = BUILT_PRODUCTS_DIR; };
		0C39F5A41CA58EB500395A96 /* main.m */ = {isa = PBXFileReference; lastKnownFileType = sourcecode.c.objc; path = main.m; sourceTree = "<group>"; };
		0C39F5A61CA58EB500395A96 /* AppDelegate.h */ = {isa = PBXFileReference; lastKnownFileType = sourcecode.c.h; path = AppDelegate.h; sourceTree = "<group>"; };
		0C39F5A71CA58EB500395A96 /* AppDelegate.m */ = {isa = PBXFileReference; lastKnownFileType = sourcecode.c.objc; path = AppDelegate.m; sourceTree = "<group>"; };
		0C39F5A91CA58EB500395A96 /* ViewController.h */ = {isa = PBXFileReference; lastKnownFileType = sourcecode.c.h; path = ViewController.h; sourceTree = "<group>"; };
		0C39F5AA1CA58EB500395A96 /* ViewController.m */ = {isa = PBXFileReference; lastKnownFileType = sourcecode.c.objc; path = ViewController.m; sourceTree = "<group>"; };
		0C39F5AD1CA58EB500395A96 /* Base */ = {isa = PBXFileReference; lastKnownFileType = file.storyboard; name = Base; path = Base.lproj/Main.storyboard; sourceTree = "<group>"; };
		0C39F5AF1CA58EB500395A96 /* Assets.xcassets */ = {isa = PBXFileReference; lastKnownFileType = folder.assetcatalog; path = Assets.xcassets; sourceTree = "<group>"; };
		0C39F5B21CA58EB500395A96 /* Base */ = {isa = PBXFileReference; lastKnownFileType = file.storyboard; name = Base; path = Base.lproj/LaunchScreen.storyboard; sourceTree = "<group>"; };
		0C39F5B41CA58EB500395A96 /* Info.plist */ = {isa = PBXFileReference; lastKnownFileType = text.plist.xml; path = Info.plist; sourceTree = "<group>"; };
		0C39F5B81CA58F8300395A96 /* Father.h */ = {isa = PBXFileReference; fileEncoding = 4; lastKnownFileType = sourcecode.c.h; path = Father.h; sourceTree = "<group>"; };
		0C39F5B91CA58F8300395A96 /* Father.m */ = {isa = PBXFileReference; fileEncoding = 4; lastKnownFileType = sourcecode.c.objc; path = Father.m; sourceTree = "<group>"; };
		0C39F5BB1CA58F8B00395A96 /* Son.h */ = {isa = PBXFileReference; fileEncoding = 4; lastKnownFileType = sourcecode.c.h; path = Son.h; sourceTree = "<group>"; };
		0C39F5BC1CA58F8B00395A96 /* Son.m */ = {isa = PBXFileReference; fileEncoding = 4; lastKnownFileType = sourcecode.c.objc; path = Son.m; sourceTree = "<group>"; };
/* End PBXFileReference section */

/* Begin PBXFrameworksBuildPhase section */
		0C39F54A1CA43EF900395A96 /* Frameworks */ = {
			isa = PBXFrameworksBuildPhase;
			buildActionMask = 2147483647;
			files = (
			);
			runOnlyForDeploymentPostprocessing = 0;
		};
		0C39F5681CA43F7100395A96 /* Frameworks */ = {
			isa = PBXFrameworksBuildPhase;
			buildActionMask = 2147483647;
			files = (
			);
			runOnlyForDeploymentPostprocessing = 0;
		};
		0C39F5831CA443CE00395A96 /* Frameworks */ = {
			isa = PBXFrameworksBuildPhase;
			buildActionMask = 2147483647;
			files = (
			);
			runOnlyForDeploymentPostprocessing = 0;
		};
		0C39F59E1CA58EB500395A96 /* Frameworks */ = {
			isa = PBXFrameworksBuildPhase;
			buildActionMask = 2147483647;
			files = (
			);
			runOnlyForDeploymentPostprocessing = 0;
		};
/* End PBXFrameworksBuildPhase section */

/* Begin PBXGroup section */
		0C39F5441CA43EF900395A96 = {
			isa = PBXGroup;
			children = (
				0C39F54F1CA43EF900395A96 /* Objective-C_iOSInterviewQuestions */,
				0C39F56C1CA43F7100395A96 /* 04_CopyNSMutableArray */,
				0C39F5871CA443CE00395A96 /* 13_PropertyStrongArray */,
				0C39F5A21CA58EB500395A96 /* 25__objc_msgForward_demo */,
				0C39F54E1CA43EF900395A96 /* Products */,
			);
			sourceTree = "<group>";
		};
		0C39F54E1CA43EF900395A96 /* Products */ = {
			isa = PBXGroup;
			children = (
				0C39F54D1CA43EF900395A96 /* Objective-C_iOSInterviewQuestions.app */,
				0C39F56B1CA43F7100395A96 /* 04_CopyNSMutableArray.app */,
				0C39F5861CA443CE00395A96 /* 13_PropertyStrongArray.app */,
				0C39F5A11CA58EB500395A96 /* 25__objc_msgForward_demo.app */,
			);
			name = Products;
			sourceTree = "<group>";
		};
		0C39F54F1CA43EF900395A96 /* Objective-C_iOSInterviewQuestions */ = {
			isa = PBXGroup;
			children = (
				0C39F5531CA43EF900395A96 /* AppDelegate.h */,
				0C39F5541CA43EF900395A96 /* AppDelegate.m */,
				0C39F5561CA43EF900395A96 /* ViewController.h */,
				0C39F5571CA43EF900395A96 /* ViewController.m */,
				0C39F5591CA43EF900395A96 /* Main.storyboard */,
				0C39F55C1CA43EF900395A96 /* Assets.xcassets */,
				0C39F55E1CA43EF900395A96 /* LaunchScreen.storyboard */,
				0C39F5611CA43EF900395A96 /* Info.plist */,
				0C39F5501CA43EF900395A96 /* Supporting Files */,
			);
			path = "Objective-C_iOSInterviewQuestions";
			sourceTree = "<group>";
		};
		0C39F5501CA43EF900395A96 /* Supporting Files */ = {
			isa = PBXGroup;
			children = (
				0C39F5511CA43EF900395A96 /* main.m */,
			);
			name = "Supporting Files";
			sourceTree = "<group>";
		};
		0C39F56C1CA43F7100395A96 /* 04_CopyNSMutableArray */ = {
			isa = PBXGroup;
			children = (
				0C39F5701CA43F7100395A96 /* AppDelegate.h */,
				0C39F5711CA43F7100395A96 /* AppDelegate.m */,
				0C39F5731CA43F7100395A96 /* ViewController.h */,
				0C39F5741CA43F7100395A96 /* ViewController.m */,
				0C39F5761CA43F7100395A96 /* Main.storyboard */,
				0C39F5791CA43F7100395A96 /* Assets.xcassets */,
				0C39F57B1CA43F7100395A96 /* LaunchScreen.storyboard */,
				0C39F57E1CA43F7100395A96 /* Info.plist */,
				0C39F56D1CA43F7100395A96 /* Supporting Files */,
			);
			path = 04_CopyNSMutableArray;
			sourceTree = "<group>";
		};
		0C39F56D1CA43F7100395A96 /* Supporting Files */ = {
			isa = PBXGroup;
			children = (
				0C39F56E1CA43F7100395A96 /* main.m */,
			);
			name = "Supporting Files";
			sourceTree = "<group>";
		};
		0C39F5871CA443CE00395A96 /* 13_PropertyStrongArray */ = {
			isa = PBXGroup;
			children = (
				0C39F58B1CA443CE00395A96 /* AppDelegate.h */,
				0C39F58C1CA443CE00395A96 /* AppDelegate.m */,
				0C39F58E1CA443CE00395A96 /* ViewController.h */,
				0C39F58F1CA443CE00395A96 /* ViewController.m */,
				0C39F5911CA443CE00395A96 /* Main.storyboard */,
				0C39F5941CA443CE00395A96 /* Assets.xcassets */,
				0C39F5961CA443CE00395A96 /* LaunchScreen.storyboard */,
				0C39F5991CA443CE00395A96 /* Info.plist */,
				0C39F5881CA443CE00395A96 /* Supporting Files */,
			);
			path = 13_PropertyStrongArray;
			sourceTree = "<group>";
		};
		0C39F5881CA443CE00395A96 /* Supporting Files */ = {
			isa = PBXGroup;
			children = (
				0C39F5891CA443CE00395A96 /* main.m */,
			);
			name = "Supporting Files";
			sourceTree = "<group>";
		};
		0C39F5A21CA58EB500395A96 /* 25__objc_msgForward_demo */ = {
			isa = PBXGroup;
			children = (
				0C39F5A61CA58EB500395A96 /* AppDelegate.h */,
				0C39F5A71CA58EB500395A96 /* AppDelegate.m */,
				0C39F5A91CA58EB500395A96 /* ViewController.h */,
				0C39F5AA1CA58EB500395A96 /* ViewController.m */,
				0C39F5B81CA58F8300395A96 /* Father.h */,
				0C39F5B91CA58F8300395A96 /* Father.m */,
				0C39F5BB1CA58F8B00395A96 /* Son.h */,
				0C39F5BC1CA58F8B00395A96 /* Son.m */,
				0C39F5A31CA58EB500395A96 /* Supporting Files */,
			);
			path = 25__objc_msgForward_demo;
			sourceTree = "<group>";
		};
		0C39F5A31CA58EB500395A96 /* Supporting Files */ = {
			isa = PBXGroup;
			children = (
				0C39F5AC1CA58EB500395A96 /* Main.storyboard */,
				0C39F5AF1CA58EB500395A96 /* Assets.xcassets */,
				0C39F5B11CA58EB500395A96 /* LaunchScreen.storyboard */,
				0C39F5B41CA58EB500395A96 /* Info.plist */,
				0C39F5A41CA58EB500395A96 /* main.m */,
			);
			name = "Supporting Files";
			sourceTree = "<group>";
		};
/* End PBXGroup section */

/* Begin PBXNativeTarget section */
		0C39F54C1CA43EF900395A96 /* Objective-C_iOSInterviewQuestions */ = {
			isa = PBXNativeTarget;
			buildConfigurationList = 0C39F5641CA43EF900395A96 /* Build configuration list for PBXNativeTarget "Objective-C_iOSInterviewQuestions" */;
			buildPhases = (
				0C39F5491CA43EF900395A96 /* Sources */,
				0C39F54A1CA43EF900395A96 /* Frameworks */,
				0C39F54B1CA43EF900395A96 /* Resources */,
			);
			buildRules = (
			);
			dependencies = (
			);
			name = "Objective-C_iOSInterviewQuestions";
			productName = "Objective-C_iOSInterviewQuestions";
			productReference = 0C39F54D1CA43EF900395A96 /* Objective-C_iOSInterviewQuestions.app */;
			productType = "com.apple.product-type.application";
		};
		0C39F56A1CA43F7100395A96 /* 04_CopyNSMutableArray */ = {
			isa = PBXNativeTarget;
			buildConfigurationList = 0C39F57F1CA43F7100395A96 /* Build configuration list for PBXNativeTarget "04_CopyNSMutableArray" */;
			buildPhases = (
				0C39F5671CA43F7100395A96 /* Sources */,
				0C39F5681CA43F7100395A96 /* Frameworks */,
				0C39F5691CA43F7100395A96 /* Resources */,
			);
			buildRules = (
			);
			dependencies = (
			);
			name = 04_CopyNSMutableArray;
			productName = 04_CopyNSMutableArray;
			productReference = 0C39F56B1CA43F7100395A96 /* 04_CopyNSMutableArray.app */;
			productType = "com.apple.product-type.application";
		};
		0C39F5851CA443CE00395A96 /* 13_PropertyStrongArray */ = {
			isa = PBXNativeTarget;
			buildConfigurationList = 0C39F59A1CA443CE00395A96 /* Build configuration list for PBXNativeTarget "13_PropertyStrongArray" */;
			buildPhases = (
				0C39F5821CA443CE00395A96 /* Sources */,
				0C39F5831CA443CE00395A96 /* Frameworks */,
				0C39F5841CA443CE00395A96 /* Resources */,
			);
			buildRules = (
			);
			dependencies = (
			);
			name = 13_PropertyStrongArray;
			productName = 13_PropertyStrongArray;
			productReference = 0C39F5861CA443CE00395A96 /* 13_PropertyStrongArray.app */;
			productType = "com.apple.product-type.application";
		};
		0C39F5A01CA58EB500395A96 /* 25__objc_msgForward_demo */ = {
			isa = PBXNativeTarget;
			buildConfigurationList = 0C39F5B51CA58EB500395A96 /* Build configuration list for PBXNativeTarget "25__objc_msgForward_demo" */;
			buildPhases = (
				0C39F59D1CA58EB500395A96 /* Sources */,
				0C39F59E1CA58EB500395A96 /* Frameworks */,
				0C39F59F1CA58EB500395A96 /* Resources */,
			);
			buildRules = (
			);
			dependencies = (
			);
			name = 25__objc_msgForward_demo;
			productName = 25__objc_msgForward_demo;
			productReference = 0C39F5A11CA58EB500395A96 /* 25__objc_msgForward_demo.app */;
			productType = "com.apple.product-type.application";
		};
/* End PBXNativeTarget section */

/* Begin PBXProject section */
		0C39F5451CA43EF900395A96 /* Project object */ = {
			isa = PBXProject;
			attributes = {
				LastUpgradeCheck = 0720;
				ORGANIZATIONNAME = Yuen;
				TargetAttributes = {
					0C39F54C1CA43EF900395A96 = {
						CreatedOnToolsVersion = 7.2.1;
					};
					0C39F56A1CA43F7100395A96 = {
						CreatedOnToolsVersion = 7.2.1;
					};
					0C39F5851CA443CE00395A96 = {
						CreatedOnToolsVersion = 7.2.1;
					};
					0C39F5A01CA58EB500395A96 = {
						CreatedOnToolsVersion = 7.2.1;
					};
				};
			};
			buildConfigurationList = 0C39F5481CA43EF900395A96 /* Build configuration list for PBXProject "Objective-C_iOSInterviewQuestions" */;
			compatibilityVersion = "Xcode 3.2";
			developmentRegion = English;
			hasScannedForEncodings = 0;
			knownRegions = (
				en,
				Base,
			);
			mainGroup = 0C39F5441CA43EF900395A96;
			productRefGroup = 0C39F54E1CA43EF900395A96 /* Products */;
			projectDirPath = "";
			projectRoot = "";
			targets = (
				0C39F54C1CA43EF900395A96 /* Objective-C_iOSInterviewQuestions */,
				0C39F56A1CA43F7100395A96 /* 04_CopyNSMutableArray */,
				0C39F5851CA443CE00395A96 /* 13_PropertyStrongArray */,
				0C39F5A01CA58EB500395A96 /* 25__objc_msgForward_demo */,
			);
		};
/* End PBXProject section */

/* Begin PBXResourcesBuildPhase section */
		0C39F54B1CA43EF900395A96 /* Resources */ = {
			isa = PBXResourcesBuildPhase;
			buildActionMask = 2147483647;
			files = (
				0C39F5601CA43EF900395A96 /* LaunchScreen.storyboard in Resources */,
				0C39F55D1CA43EF900395A96 /* Assets.xcassets in Resources */,
				0C39F55B1CA43EF900395A96 /* Main.storyboard in Resources */,
			);
			runOnlyForDeploymentPostprocessing = 0;
		};
		0C39F5691CA43F7100395A96 /* Resources */ = {
			isa = PBXResourcesBuildPhase;
			buildActionMask = 2147483647;
			files = (
				0C39F57D1CA43F7100395A96 /* LaunchScreen.storyboard in Resources */,
				0C39F57A1CA43F7100395A96 /* Assets.xcassets in Resources */,
				0C39F5781CA43F7100395A96 /* Main.storyboard in Resources */,
			);
			runOnlyForDeploymentPostprocessing = 0;
		};
		0C39F5841CA443CE00395A96 /* Resources */ = {
			isa = PBXResourcesBuildPhase;
			buildActionMask = 2147483647;
			files = (
				0C39F5981CA443CE00395A96 /* LaunchScreen.storyboard in Resources */,
				0C39F5951CA443CE00395A96 /* Assets.xcassets in Resources */,
				0C39F5931CA443CE00395A96 /* Main.storyboard in Resources */,
			);
			runOnlyForDeploymentPostprocessing = 0;
		};
		0C39F59F1CA58EB500395A96 /* Resources */ = {
			isa = PBXResourcesBuildPhase;
			buildActionMask = 2147483647;
			files = (
				0C39F5B31CA58EB500395A96 /* LaunchScreen.storyboard in Resources */,
				0C39F5B01CA58EB500395A96 /* Assets.xcassets in Resources */,
				0C39F5AE1CA58EB500395A96 /* Main.storyboard in Resources */,
			);
			runOnlyForDeploymentPostprocessing = 0;
		};
/* End PBXResourcesBuildPhase section */

/* Begin PBXSourcesBuildPhase section */
		0C39F5491CA43EF900395A96 /* Sources */ = {
			isa = PBXSourcesBuildPhase;
			buildActionMask = 2147483647;
			files = (
				0C39F5581CA43EF900395A96 /* ViewController.m in Sources */,
				0C39F5551CA43EF900395A96 /* AppDelegate.m in Sources */,
				0C39F5521CA43EF900395A96 /* main.m in Sources */,
			);
			runOnlyForDeploymentPostprocessing = 0;
		};
		0C39F5671CA43F7100395A96 /* Sources */ = {
			isa = PBXSourcesBuildPhase;
			buildActionMask = 2147483647;
			files = (
				0C39F5751CA43F7100395A96 /* ViewController.m in Sources */,
				0C39F5721CA43F7100395A96 /* AppDelegate.m in Sources */,
				0C39F56F1CA43F7100395A96 /* main.m in Sources */,
			);
			runOnlyForDeploymentPostprocessing = 0;
		};
		0C39F5821CA443CE00395A96 /* Sources */ = {
			isa = PBXSourcesBuildPhase;
			buildActionMask = 2147483647;
			files = (
				0C39F5901CA443CE00395A96 /* ViewController.m in Sources */,
				0C39F58D1CA443CE00395A96 /* AppDelegate.m in Sources */,
				0C39F58A1CA443CE00395A96 /* main.m in Sources */,
			);
			runOnlyForDeploymentPostprocessing = 0;
		};
		0C39F59D1CA58EB500395A96 /* Sources */ = {
			isa = PBXSourcesBuildPhase;
			buildActionMask = 2147483647;
			files = (
				0C39F5AB1CA58EB500395A96 /* ViewController.m in Sources */,
				0C39F5BD1CA58F8B00395A96 /* Son.m in Sources */,
				0C39F5BA1CA58F8300395A96 /* Father.m in Sources */,
				0C39F5A81CA58EB500395A96 /* AppDelegate.m in Sources */,
				0C39F5A51CA58EB500395A96 /* main.m in Sources */,
			);
			runOnlyForDeploymentPostprocessing = 0;
		};
/* End PBXSourcesBuildPhase section */

/* Begin PBXVariantGroup section */
		0C39F5591CA43EF900395A96 /* Main.storyboard */ = {
			isa = PBXVariantGroup;
			children = (
				0C39F55A1CA43EF900395A96 /* Base */,
			);
			name = Main.storyboard;
			sourceTree = "<group>";
		};
		0C39F55E1CA43EF900395A96 /* LaunchScreen.storyboard */ = {
			isa = PBXVariantGroup;
			children = (
				0C39F55F1CA43EF900395A96 /* Base */,
			);
			name = LaunchScreen.storyboard;
			sourceTree = "<group>";
		};
		0C39F5761CA43F7100395A96 /* Main.storyboard */ = {
			isa = PBXVariantGroup;
			children = (
				0C39F5771CA43F7100395A96 /* Base */,
			);
			name = Main.storyboard;
			sourceTree = "<group>";
		};
		0C39F57B1CA43F7100395A96 /* LaunchScreen.storyboard */ = {
			isa = PBXVariantGroup;
			children = (
				0C39F57C1CA43F7100395A96 /* Base */,
			);
			name = LaunchScreen.storyboard;
			sourceTree = "<group>";
		};
		0C39F5911CA443CE00395A96 /* Main.storyboard */ = {
			isa = PBXVariantGroup;
			children = (
				0C39F5921CA443CE00395A96 /* Base */,
			);
			name = Main.storyboard;
			sourceTree = "<group>";
		};
		0C39F5961CA443CE00395A96 /* LaunchScreen.storyboard */ = {
			isa = PBXVariantGroup;
			children = (
				0C39F5971CA443CE00395A96 /* Base */,
			);
			name = LaunchScreen.storyboard;
			sourceTree = "<group>";
		};
		0C39F5AC1CA58EB500395A96 /* Main.storyboard */ = {
			isa = PBXVariantGroup;
			children = (
				0C39F5AD1CA58EB500395A96 /* Base */,
			);
			name = Main.storyboard;
			sourceTree = "<group>";
		};
		0C39F5B11CA58EB500395A96 /* LaunchScreen.storyboard */ = {
			isa = PBXVariantGroup;
			children = (
				0C39F5B21CA58EB500395A96 /* Base */,
			);
			name = LaunchScreen.storyboard;
			sourceTree = "<group>";
		};
/* End PBXVariantGroup section */

/* Begin XCBuildConfiguration section */
		0C39F5621CA43EF900395A96 /* Debug */ = {
			isa = XCBuildConfiguration;
			buildSettings = {
				ALWAYS_SEARCH_USER_PATHS = NO;
				CLANG_CXX_LANGUAGE_STANDARD = "gnu++0x";
				CLANG_CXX_LIBRARY = "libc++";
				CLANG_ENABLE_MODULES = YES;
				CLANG_ENABLE_OBJC_ARC = YES;
				CLANG_WARN_BOOL_CONVERSION = YES;
				CLANG_WARN_CONSTANT_CONVERSION = YES;
				CLANG_WARN_DIRECT_OBJC_ISA_USAGE = YES_ERROR;
				CLANG_WARN_EMPTY_BODY = YES;
				CLANG_WARN_ENUM_CONVERSION = YES;
				CLANG_WARN_INT_CONVERSION = YES;
				CLANG_WARN_OBJC_ROOT_CLASS = YES_ERROR;
				CLANG_WARN_UNREACHABLE_CODE = YES;
				CLANG_WARN__DUPLICATE_METHOD_MATCH = YES;
				"CODE_SIGN_IDENTITY[sdk=iphoneos*]" = "iPhone Developer";
				COPY_PHASE_STRIP = NO;
				DEBUG_INFORMATION_FORMAT = dwarf;
				ENABLE_STRICT_OBJC_MSGSEND = YES;
				ENABLE_TESTABILITY = YES;
				GCC_C_LANGUAGE_STANDARD = gnu99;
				GCC_DYNAMIC_NO_PIC = NO;
				GCC_NO_COMMON_BLOCKS = YES;
				GCC_OPTIMIZATION_LEVEL = 0;
				GCC_PREPROCESSOR_DEFINITIONS = (
					"DEBUG=1",
					"$(inherited)",
				);
				GCC_WARN_64_TO_32_BIT_CONVERSION = YES;
				GCC_WARN_ABOUT_RETURN_TYPE = YES_ERROR;
				GCC_WARN_UNDECLARED_SELECTOR = YES;
				GCC_WARN_UNINITIALIZED_AUTOS = YES_AGGRESSIVE;
				GCC_WARN_UNUSED_FUNCTION = YES;
				GCC_WARN_UNUSED_VARIABLE = YES;
				IPHONEOS_DEPLOYMENT_TARGET = 9.2;
				MTL_ENABLE_DEBUG_INFO = YES;
				ONLY_ACTIVE_ARCH = YES;
				SDKROOT = iphoneos;
				TARGETED_DEVICE_FAMILY = "1,2";
			};
			name = Debug;
		};
		0C39F5631CA43EF900395A96 /* Release */ = {
			isa = XCBuildConfiguration;
			buildSettings = {
				ALWAYS_SEARCH_USER_PATHS = NO;
				CLANG_CXX_LANGUAGE_STANDARD = "gnu++0x";
				CLANG_CXX_LIBRARY = "libc++";
				CLANG_ENABLE_MODULES = YES;
				CLANG_ENABLE_OBJC_ARC = YES;
				CLANG_WARN_BOOL_CONVERSION = YES;
				CLANG_WARN_CONSTANT_CONVERSION = YES;
				CLANG_WARN_DIRECT_OBJC_ISA_USAGE = YES_ERROR;
				CLANG_WARN_EMPTY_BODY = YES;
				CLANG_WARN_ENUM_CONVERSION = YES;
				CLANG_WARN_INT_CONVERSION = YES;
				CLANG_WARN_OBJC_ROOT_CLASS = YES_ERROR;
				CLANG_WARN_UNREACHABLE_CODE = YES;
				CLANG_WARN__DUPLICATE_METHOD_MATCH = YES;
				"CODE_SIGN_IDENTITY[sdk=iphoneos*]" = "iPhone Developer";
				COPY_PHASE_STRIP = NO;
				DEBUG_INFORMATION_FORMAT = "dwarf-with-dsym";
				ENABLE_NS_ASSERTIONS = NO;
				ENABLE_STRICT_OBJC_MSGSEND = YES;
				GCC_C_LANGUAGE_STANDARD = gnu99;
				GCC_NO_COMMON_BLOCKS = YES;
				GCC_WARN_64_TO_32_BIT_CONVERSION = YES;
				GCC_WARN_ABOUT_RETURN_TYPE = YES_ERROR;
				GCC_WARN_UNDECLARED_SELECTOR = YES;
				GCC_WARN_UNINITIALIZED_AUTOS = YES_AGGRESSIVE;
				GCC_WARN_UNUSED_FUNCTION = YES;
				GCC_WARN_UNUSED_VARIABLE = YES;
				IPHONEOS_DEPLOYMENT_TARGET = 9.2;
				MTL_ENABLE_DEBUG_INFO = NO;
				SDKROOT = iphoneos;
				TARGETED_DEVICE_FAMILY = "1,2";
				VALIDATE_PRODUCT = YES;
			};
			name = Release;
		};
		0C39F5651CA43EF900395A96 /* Debug */ = {
			isa = XCBuildConfiguration;
			buildSettings = {
				ASSETCATALOG_COMPILER_APPICON_NAME = AppIcon;
				INFOPLIST_FILE = "Objective-C_iOSInterviewQuestions/Info.plist";
				LD_RUNPATH_SEARCH_PATHS = "$(inherited) @executable_path/Frameworks";
				PRODUCT_BUNDLE_IDENTIFIER = "com.Yuen.Objective-C-iOSInterviewQuestions";
				PRODUCT_NAME = "$(TARGET_NAME)";
			};
			name = Debug;
		};
		0C39F5661CA43EF900395A96 /* Release */ = {
			isa = XCBuildConfiguration;
			buildSettings = {
				ASSETCATALOG_COMPILER_APPICON_NAME = AppIcon;
				INFOPLIST_FILE = "Objective-C_iOSInterviewQuestions/Info.plist";
				LD_RUNPATH_SEARCH_PATHS = "$(inherited) @executable_path/Frameworks";
				PRODUCT_BUNDLE_IDENTIFIER = "com.Yuen.Objective-C-iOSInterviewQuestions";
				PRODUCT_NAME = "$(TARGET_NAME)";
			};
			name = Release;
		};
		0C39F5801CA43F7100395A96 /* Debug */ = {
			isa = XCBuildConfiguration;
			buildSettings = {
				ASSETCATALOG_COMPILER_APPICON_NAME = AppIcon;
				INFOPLIST_FILE = 04_CopyNSMutableArray/Info.plist;
				LD_RUNPATH_SEARCH_PATHS = "$(inherited) @executable_path/Frameworks";
				PRODUCT_BUNDLE_IDENTIFIER = "com.Yuen.-4-CopyNSMutableArray";
				PRODUCT_NAME = "$(TARGET_NAME)";
			};
			name = Debug;
		};
		0C39F5811CA43F7100395A96 /* Release */ = {
			isa = XCBuildConfiguration;
			buildSettings = {
				ASSETCATALOG_COMPILER_APPICON_NAME = AppIcon;
				INFOPLIST_FILE = 04_CopyNSMutableArray/Info.plist;
				LD_RUNPATH_SEARCH_PATHS = "$(inherited) @executable_path/Frameworks";
				PRODUCT_BUNDLE_IDENTIFIER = "com.Yuen.-4-CopyNSMutableArray";
				PRODUCT_NAME = "$(TARGET_NAME)";
			};
			name = Release;
		};
		0C39F59B1CA443CE00395A96 /* Debug */ = {
			isa = XCBuildConfiguration;
			buildSettings = {
				ASSETCATALOG_COMPILER_APPICON_NAME = AppIcon;
				INFOPLIST_FILE = 13_PropertyStrongArray/Info.plist;
				LD_RUNPATH_SEARCH_PATHS = "$(inherited) @executable_path/Frameworks";
				PRODUCT_BUNDLE_IDENTIFIER = "com.Yuen.-3-PropertyStrongArray";
				PRODUCT_NAME = "$(TARGET_NAME)";
			};
			name = Debug;
		};
		0C39F59C1CA443CE00395A96 /* Release */ = {
			isa = XCBuildConfiguration;
			buildSettings = {
				ASSETCATALOG_COMPILER_APPICON_NAME = AppIcon;
				INFOPLIST_FILE = 13_PropertyStrongArray/Info.plist;
				LD_RUNPATH_SEARCH_PATHS = "$(inherited) @executable_path/Frameworks";
				PRODUCT_BUNDLE_IDENTIFIER = "com.Yuen.-3-PropertyStrongArray";
				PRODUCT_NAME = "$(TARGET_NAME)";
			};
			name = Release;
		};
		0C39F5B61CA58EB500395A96 /* Debug */ = {
			isa = XCBuildConfiguration;
			buildSettings = {
				ASSETCATALOG_COMPILER_APPICON_NAME = AppIcon;
				INFOPLIST_FILE = 25__objc_msgForward_demo/Info.plist;
				LD_RUNPATH_SEARCH_PATHS = "$(inherited) @executable_path/Frameworks";
				PRODUCT_BUNDLE_IDENTIFIER = "com.Yuen.-5--objc-msgForward-demo";
				PRODUCT_NAME = "$(TARGET_NAME)";
			};
			name = Debug;
		};
		0C39F5B71CA58EB500395A96 /* Release */ = {
			isa = XCBuildConfiguration;
			buildSettings = {
				ASSETCATALOG_COMPILER_APPICON_NAME = AppIcon;
				INFOPLIST_FILE = 25__objc_msgForward_demo/Info.plist;
				LD_RUNPATH_SEARCH_PATHS = "$(inherited) @executable_path/Frameworks";
				PRODUCT_BUNDLE_IDENTIFIER = "com.Yuen.-5--objc-msgForward-demo";
				PRODUCT_NAME = "$(TARGET_NAME)";
			};
			name = Release;
		};
/* End XCBuildConfiguration section */

/* Begin XCConfigurationList section */
		0C39F5481CA43EF900395A96 /* Build configuration list for PBXProject "Objective-C_iOSInterviewQuestions" */ = {
			isa = XCConfigurationList;
			buildConfigurations = (
				0C39F5621CA43EF900395A96 /* Debug */,
				0C39F5631CA43EF900395A96 /* Release */,
			);
			defaultConfigurationIsVisible = 0;
			defaultConfigurationName = Release;
		};
		0C39F5641CA43EF900395A96 /* Build configuration list for PBXNativeTarget "Objective-C_iOSInterviewQuestions" */ = {
			isa = XCConfigurationList;
			buildConfigurations = (
				0C39F5651CA43EF900395A96 /* Debug */,
				0C39F5661CA43EF900395A96 /* Release */,
			);
			defaultConfigurationIsVisible = 0;
		};
		0C39F57F1CA43F7100395A96 /* Build configuration list for PBXNativeTarget "04_CopyNSMutableArray" */ = {
			isa = XCConfigurationList;
			buildConfigurations = (
				0C39F5801CA43F7100395A96 /* Debug */,
				0C39F5811CA43F7100395A96 /* Release */,
			);
			defaultConfigurationIsVisible = 0;
		};
		0C39F59A1CA443CE00395A96 /* Build configuration list for PBXNativeTarget "13_PropertyStrongArray" */ = {
			isa = XCConfigurationList;
			buildConfigurations = (
				0C39F59B1CA443CE00395A96 /* Debug */,
				0C39F59C1CA443CE00395A96 /* Release */,
			);
			defaultConfigurationIsVisible = 0;
		};
		0C39F5B51CA58EB500395A96 /* Build configuration list for PBXNativeTarget "25__objc_msgForward_demo" */ = {
			isa = XCConfigurationList;
			buildConfigurations = (
				0C39F5B61CA58EB500395A96 /* Debug */,
				0C39F5B71CA58EB500395A96 /* Release */,
			);
			defaultConfigurationIsVisible = 0;
		};
/* End XCConfigurationList section */
	};
	rootObject = 0C39F5451CA43EF900395A96 /* Project object */;
}
